
Microsoft Visual Studio Solution File, Format Version 12.00
# Visual Studio 15
VisualStudioVersion = 15.0.27004.2006
MinimumVisualStudioVersion = 10.0.40219.1
Project("{FAE04EC0-301F-11D3-BF4B-00C04F79EFBC}") = "cardGamesClient", "cardGames\cardGamesClient.csproj", "{EC2A6D13-724F-43E1-A632-399D1E124664}"
EndProject
Project("{FAE04EC0-301F-11D3-BF4B-00C04F79EFBC}") = "CardGamesServer", "CardGamesServer\CardGamesServer.csproj", "{1D1B8471-2911-42E7-AE96-B1FB1549117C}"
EndProject
Global
	GlobalSection(SolutionConfigurationPlatforms) = preSolution
		Debug|Any CPU = Debug|Any CPU
		Release|Any CPU = Release|Any CPU
	EndGlobalSection
	GlobalSection(ProjectConfigurationPlatforms) = postSolution
		{EC2A6D13-724F-43E1-A632-399D1E124664}.Debug|Any CPU.ActiveCfg = Debug|Any CPU
		{EC2A6D13-724F-43E1-A632-399D1E124664}.Debug|Any CPU.Build.0 = Debug|Any CPU
		{EC2A6D13-724F-43E1-A632-399D1E124664}.Release|Any CPU.ActiveCfg = Release|Any CPU
		{EC2A6D13-724F-43E1-A632-399D1E124664}.Release|Any CPU.Build.0 = Release|Any CPU
		{1D1B8471-2911-42E7-AE96-B1FB1549117C}.Debug|Any CPU.ActiveCfg = Debug|Any CPU
		{1D1B8471-2911-42E7-AE96-B1FB1549117C}.Debug|Any CPU.Build.0 = Debug|Any CPU
		{1D1B8471-2911-42E7-AE96-B1FB1549117C}.Release|Any CPU.ActiveCfg = Release|Any CPU
		{1D1B8471-2911-42E7-AE96-B1FB1549117C}.Release|Any CPU.Build.0 = Release|Any CPU
	EndGlobalSection
	GlobalSection(SolutionProperties) = preSolution
		HideSolutionNode = FALSE
	EndGlobalSection
	GlobalSection(ExtensibilityGlobals) = postSolution
		SolutionGuid = {CB590EBE-3C04-42E8-B6A7-977CCD77A2DE}
	EndGlobalSection
EndGlobal
