
Microsoft Visual Studio Solution File, Format Version 12.00
# Visual Studio 15
VisualStudioVersion = 15.0.27130.2027
MinimumVisualStudioVersion = 10.0.40219.1
Project("{FAE04EC0-301F-11D3-BF4B-00C04F79EFBC}") = "todolist", "todolist\todolist.csproj", "{0029BE54-529D-42CD-BFB0-41DDCEBD4683}"
EndProject
Global
	GlobalSection(SolutionConfigurationPlatforms) = preSolution
		Debug|Any CPU = Debug|Any CPU
		Release|Any CPU = Release|Any CPU
	EndGlobalSection
	GlobalSection(ProjectConfigurationPlatforms) = postSolution
		{0029BE54-529D-42CD-BFB0-41DDCEBD4683}.Debug|Any CPU.ActiveCfg = Debug|Any CPU
		{0029BE54-529D-42CD-BFB0-41DDCEBD4683}.Debug|Any CPU.Build.0 = Debug|Any CPU
		{0029BE54-529D-42CD-BFB0-41DDCEBD4683}.Release|Any CPU.ActiveCfg = Release|Any CPU
		{0029BE54-529D-42CD-BFB0-41DDCEBD4683}.Release|Any CPU.Build.0 = Release|Any CPU
	EndGlobalSection
	GlobalSection(SolutionProperties) = preSolution
		HideSolutionNode = FALSE
	EndGlobalSection
	GlobalSection(ExtensibilityGlobals) = postSolution
		SolutionGuid = {6A06FE07-A575-4263-AD45-57A3B34AE6E5}
	EndGlobalSection
EndGlobal
